
Microsoft Visual Studio Solution File, Format Version 12.00
# Visual Studio Version 17
VisualStudioVersion = 17.8.34316.72
MinimumVisualStudioVersion = 10.0.40219.1
Project("{FAE04EC0-301F-11D3-BF4B-00C04F79EFBC}") = "AutoWalk", "AutoWalk\AutoWalk.csproj", "{7C9405E9-E453-4E61-9CD6-C027BC4B89C7}"
EndProject
Global
	GlobalSection(SolutionConfigurationPlatforms) = preSolution
		Debug|Any CPU = Debug|Any CPU
		Release|Any CPU = Release|Any CPU
	EndGlobalSection
	GlobalSection(ProjectConfigurationPlatforms) = postSolution
		{7C9405E9-E453-4E61-9CD6-C027BC4B89C7}.Debug|Any CPU.ActiveCfg = Debug|Any CPU
		{7C9405E9-E453-4E61-9CD6-C027BC4B89C7}.Debug|Any CPU.Build.0 = Debug|Any CPU
		{7C9405E9-E453-4E61-9CD6-C027BC4B89C7}.Release|Any CPU.ActiveCfg = Release|Any CPU
		{7C9405E9-E453-4E61-9CD6-C027BC4B89C7}.Release|Any CPU.Build.0 = Release|Any CPU
	EndGlobalSection
	GlobalSection(SolutionProperties) = preSolution
		HideSolutionNode = FALSE
	EndGlobalSection
	GlobalSection(ExtensibilityGlobals) = postSolution
		SolutionGuid = {33F7BA15-267E-4DFD-873B-EC50A76C0310}
	EndGlobalSection
EndGlobal
